
Microsoft Visual Studio Solution File, Format Version 12.00
# Visual Studio Version 17
VisualStudioVersion = 17.12.35514.174 d17.12
MinimumVisualStudioVersion = 10.0.40219.1
Project("{FAE04EC0-301F-11D3-BF4B-00C04F79EFBC}") = "ControlBeeWPF", "ControlBeeWPF\ControlBeeWPF.csproj", "{1C782BDD-98FB-49F6-81D2-29DFEBB5CA3B}"
EndProject
Project("{FAE04EC0-301F-11D3-BF4B-00C04F79EFBC}") = "ControlBeeWPF.Tests", "ControlBeeWPF.Tests\ControlBeeWPF.Tests.csproj", "{8EDCF143-CDFC-4762-BF70-A239CDB1A677}"
EndProject
Global
	GlobalSection(SolutionConfigurationPlatforms) = preSolution
		Debug|Any CPU = Debug|Any CPU
		Release|Any CPU = Release|Any CPU
	EndGlobalSection
	GlobalSection(ProjectConfigurationPlatforms) = postSolution
		{1C782BDD-98FB-49F6-81D2-29DFEBB5CA3B}.Debug|Any CPU.ActiveCfg = Debug|Any CPU
		{1C782BDD-98FB-49F6-81D2-29DFEBB5CA3B}.Debug|Any CPU.Build.0 = Debug|Any CPU
		{1C782BDD-98FB-49F6-81D2-29DFEBB5CA3B}.Release|Any CPU.ActiveCfg = Release|Any CPU
		{1C782BDD-98FB-49F6-81D2-29DFEBB5CA3B}.Release|Any CPU.Build.0 = Release|Any CPU
		{8EDCF143-CDFC-4762-BF70-A239CDB1A677}.Debug|Any CPU.ActiveCfg = Debug|Any CPU
		{8EDCF143-CDFC-4762-BF70-A239CDB1A677}.Debug|Any CPU.Build.0 = Debug|Any CPU
		{8EDCF143-CDFC-4762-BF70-A239CDB1A677}.Release|Any CPU.ActiveCfg = Release|Any CPU
		{8EDCF143-CDFC-4762-BF70-A239CDB1A677}.Release|Any CPU.Build.0 = Release|Any CPU
	EndGlobalSection
	GlobalSection(SolutionProperties) = preSolution
		HideSolutionNode = FALSE
	EndGlobalSection
EndGlobal
